
Microsoft Visual Studio Solution File, Format Version 12.00
# Visual Studio Version 17
VisualStudioVersion = 17.7.34202.233
MinimumVisualStudioVersion = 10.0.40219.1
Project("{9A19103F-16F7-4668-BE54-9A1E7A4F7556}") = "BazyWebAPI", "BazyWebAPI.csproj", "{89AEF43C-2D54-4DE5-B5DE-F91E1EFFE7F3}"
EndProject
Project("{9A19103F-16F7-4668-BE54-9A1E7A4F7556}") = "Model", "..\Model\Model.csproj", "{ED5542EE-AF11-4424-8A13-175F468CBF08}"
EndProject
Project("{9A19103F-16F7-4668-BE54-9A1E7A4F7556}") = "DAL", "..\DAL\DAL.csproj", "{2BD9587A-A37E-478E-9085-3BE74E0E3FC6}"
EndProject
Project("{9A19103F-16F7-4668-BE54-9A1E7A4F7556}") = "BLL", "..\BLL\BLL.csproj", "{ECD7085C-69F1-4DD9-B77A-47ABB13E964A}"
EndProject
Project("{9A19103F-16F7-4668-BE54-9A1E7A4F7556}") = "BLL_EF", "..\BLL_EF\BLL_EF.csproj", "{E0474988-B6E1-418E-937D-BD565F4F3BC9}"
EndProject
Project("{FAE04EC0-301F-11D3-BF4B-00C04F79EFBC}") = "BLL_DB", "..\BLL_DB\BLL_DB.csproj", "{BEE5CF0A-49CB-460F-A48A-6AEBA3148B2C}"
EndProject
Global
	GlobalSection(SolutionConfigurationPlatforms) = preSolution
		Debug|Any CPU = Debug|Any CPU
		Release|Any CPU = Release|Any CPU
	EndGlobalSection
	GlobalSection(ProjectConfigurationPlatforms) = postSolution
		{89AEF43C-2D54-4DE5-B5DE-F91E1EFFE7F3}.Debug|Any CPU.ActiveCfg = Debug|Any CPU
		{89AEF43C-2D54-4DE5-B5DE-F91E1EFFE7F3}.Debug|Any CPU.Build.0 = Debug|Any CPU
		{89AEF43C-2D54-4DE5-B5DE-F91E1EFFE7F3}.Release|Any CPU.ActiveCfg = Release|Any CPU
		{89AEF43C-2D54-4DE5-B5DE-F91E1EFFE7F3}.Release|Any CPU.Build.0 = Release|Any CPU
		{ED5542EE-AF11-4424-8A13-175F468CBF08}.Debug|Any CPU.ActiveCfg = Debug|Any CPU
		{ED5542EE-AF11-4424-8A13-175F468CBF08}.Debug|Any CPU.Build.0 = Debug|Any CPU
		{ED5542EE-AF11-4424-8A13-175F468CBF08}.Release|Any CPU.ActiveCfg = Release|Any CPU
		{ED5542EE-AF11-4424-8A13-175F468CBF08}.Release|Any CPU.Build.0 = Release|Any CPU
		{2BD9587A-A37E-478E-9085-3BE74E0E3FC6}.Debug|Any CPU.ActiveCfg = Debug|Any CPU
		{2BD9587A-A37E-478E-9085-3BE74E0E3FC6}.Debug|Any CPU.Build.0 = Debug|Any CPU
		{2BD9587A-A37E-478E-9085-3BE74E0E3FC6}.Release|Any CPU.ActiveCfg = Release|Any CPU
		{2BD9587A-A37E-478E-9085-3BE74E0E3FC6}.Release|Any CPU.Build.0 = Release|Any CPU
		{ECD7085C-69F1-4DD9-B77A-47ABB13E964A}.Debug|Any CPU.ActiveCfg = Debug|Any CPU
		{ECD7085C-69F1-4DD9-B77A-47ABB13E964A}.Debug|Any CPU.Build.0 = Debug|Any CPU
		{ECD7085C-69F1-4DD9-B77A-47ABB13E964A}.Release|Any CPU.ActiveCfg = Release|Any CPU
		{ECD7085C-69F1-4DD9-B77A-47ABB13E964A}.Release|Any CPU.Build.0 = Release|Any CPU
		{E0474988-B6E1-418E-937D-BD565F4F3BC9}.Debug|Any CPU.ActiveCfg = Debug|Any CPU
		{E0474988-B6E1-418E-937D-BD565F4F3BC9}.Debug|Any CPU.Build.0 = Debug|Any CPU
		{E0474988-B6E1-418E-937D-BD565F4F3BC9}.Release|Any CPU.ActiveCfg = Release|Any CPU
		{E0474988-B6E1-418E-937D-BD565F4F3BC9}.Release|Any CPU.Build.0 = Release|Any CPU
		{BEE5CF0A-49CB-460F-A48A-6AEBA3148B2C}.Debug|Any CPU.ActiveCfg = Debug|Any CPU
		{BEE5CF0A-49CB-460F-A48A-6AEBA3148B2C}.Debug|Any CPU.Build.0 = Debug|Any CPU
		{BEE5CF0A-49CB-460F-A48A-6AEBA3148B2C}.Release|Any CPU.ActiveCfg = Release|Any CPU
		{BEE5CF0A-49CB-460F-A48A-6AEBA3148B2C}.Release|Any CPU.Build.0 = Release|Any CPU
	EndGlobalSection
	GlobalSection(SolutionProperties) = preSolution
		HideSolutionNode = FALSE
	EndGlobalSection
	GlobalSection(ExtensibilityGlobals) = postSolution
		SolutionGuid = {9A16D1DD-D7B9-4352-B410-30B0FC8F351A}
	EndGlobalSection
EndGlobal
